Microsoft Visual Studio Solution File, Format Version 11.00
# Visual Studio 2010
Project("{8BC9CEB8-8B4A-11D0-8D11-00A0C91BC942}") = "js2c", "js2c.vcxproj", "{D1FFDF92-B301-8617-6FE1-594139B51310}"
EndProject
Project("{8BC9CEB8-8B4A-11D0-8D11-00A0C91BC942}") = "mksnapshot.ia32", "mksnapshot.ia32.vcxproj", "{A84792F0-74AF-1A66-8DC2-4754F92E9109}"
	ProjectSection(ProjectDependencies) = postProject
		{7CDDE45F-CBCD-6CF7-2C53-E1B4B9FDB2AC} = {7CDDE45F-CBCD-6CF7-2C53-E1B4B9FDB2AC}
		{4D718A23-78D4-11D6-7273-841D1840E2C9} = {4D718A23-78D4-11D6-7273-841D1840E2C9}
		{D1FFDF92-B301-8617-6FE1-594139B51310} = {D1FFDF92-B301-8617-6FE1-594139B51310}
	EndProjectSection
EndProject
Project("{8BC9CEB8-8B4A-11D0-8D11-00A0C91BC942}") = "postmortem-metadata", "postmortem-metadata.vcxproj", "{0C5999C6-052A-58E4-83F5-4D82BF69A38C}"
EndProject
Project("{8BC9CEB8-8B4A-11D0-8D11-00A0C91BC942}") = "v8", "v8.vcxproj", "{C784CAF2-E725-1513-ED43-D98222A46984}"
	ProjectSection(ProjectDependencies) = postProject
		{7CDDE45F-CBCD-6CF7-2C53-E1B4B9FDB2AC} = {7CDDE45F-CBCD-6CF7-2C53-E1B4B9FDB2AC}
		{4D718A23-78D4-11D6-7273-841D1840E2C9} = {4D718A23-78D4-11D6-7273-841D1840E2C9}
	EndProjectSection
EndProject
Project("{8BC9CEB8-8B4A-11D0-8D11-00A0C91BC942}") = "v8_base.ia32", "v8_base.ia32.vcxproj", "{7CDDE45F-CBCD-6CF7-2C53-E1B4B9FDB2AC}"
EndProject
Project("{8BC9CEB8-8B4A-11D0-8D11-00A0C91BC942}") = "v8_nosnapshot.ia32", "v8_nosnapshot.ia32.vcxproj", "{4D718A23-78D4-11D6-7273-841D1840E2C9}"
	ProjectSection(ProjectDependencies) = postProject
		{D1FFDF92-B301-8617-6FE1-594139B51310} = {D1FFDF92-B301-8617-6FE1-594139B51310}
	EndProjectSection
EndProject
Project("{8BC9CEB8-8B4A-11D0-8D11-00A0C91BC942}") = "v8_shell", "v8_shell.vcxproj", "{E8CC8FD8-E7CD-F131-DA12-FA19057BFA43}"
	ProjectSection(ProjectDependencies) = postProject
		{C784CAF2-E725-1513-ED43-D98222A46984} = {C784CAF2-E725-1513-ED43-D98222A46984}
		{7CDDE45F-CBCD-6CF7-2C53-E1B4B9FDB2AC} = {7CDDE45F-CBCD-6CF7-2C53-E1B4B9FDB2AC}
		{4D718A23-78D4-11D6-7273-841D1840E2C9} = {4D718A23-78D4-11D6-7273-841D1840E2C9}
		{D1FFDF92-B301-8617-6FE1-594139B51310} = {D1FFDF92-B301-8617-6FE1-594139B51310}
	EndProjectSection
EndProject
Project("{8BC9CEB8-8B4A-11D0-8D11-00A0C91BC942}") = "v8_snapshot", "v8_snapshot.vcxproj", "{7DDFF8DA-A989-62DF-DC18-90E38B1F5D4B}"
	ProjectSection(ProjectDependencies) = postProject
		{A84792F0-74AF-1A66-8DC2-4754F92E9109} = {A84792F0-74AF-1A66-8DC2-4754F92E9109}
		{D1FFDF92-B301-8617-6FE1-594139B51310} = {D1FFDF92-B301-8617-6FE1-594139B51310}
	EndProjectSection
EndProject
Global
	GlobalSection(SolutionConfigurationPlatforms) = preSolution
		Debug|Win32 = Debug|Win32
		Release|Win32 = Release|Win32
	EndGlobalSection
	GlobalSection(ProjectConfigurationPlatforms) = postSolution
		{0C5999C6-052A-58E4-83F5-4D82BF69A38C}.Debug|Win32.ActiveCfg = Debug|Win32
		{0C5999C6-052A-58E4-83F5-4D82BF69A38C}.Debug|Win32.Build.0 = Debug|Win32
		{0C5999C6-052A-58E4-83F5-4D82BF69A38C}.Release|Win32.ActiveCfg = Release|Win32
		{0C5999C6-052A-58E4-83F5-4D82BF69A38C}.Release|Win32.Build.0 = Release|Win32
		{4D718A23-78D4-11D6-7273-841D1840E2C9}.Debug|Win32.ActiveCfg = Debug|Win32
		{4D718A23-78D4-11D6-7273-841D1840E2C9}.Debug|Win32.Build.0 = Debug|Win32
		{4D718A23-78D4-11D6-7273-841D1840E2C9}.Release|Win32.ActiveCfg = Release|Win32
		{4D718A23-78D4-11D6-7273-841D1840E2C9}.Release|Win32.Build.0 = Release|Win32
		{7CDDE45F-CBCD-6CF7-2C53-E1B4B9FDB2AC}.Debug|Win32.ActiveCfg = Debug|Win32
		{7CDDE45F-CBCD-6CF7-2C53-E1B4B9FDB2AC}.Debug|Win32.Build.0 = Debug|Win32
		{7CDDE45F-CBCD-6CF7-2C53-E1B4B9FDB2AC}.Release|Win32.ActiveCfg = Release|Win32
		{7CDDE45F-CBCD-6CF7-2C53-E1B4B9FDB2AC}.Release|Win32.Build.0 = Release|Win32
		{7DDFF8DA-A989-62DF-DC18-90E38B1F5D4B}.Debug|Win32.ActiveCfg = Debug|Win32
		{7DDFF8DA-A989-62DF-DC18-90E38B1F5D4B}.Debug|Win32.Build.0 = Debug|Win32
		{7DDFF8DA-A989-62DF-DC18-90E38B1F5D4B}.Release|Win32.ActiveCfg = Release|Win32
		{7DDFF8DA-A989-62DF-DC18-90E38B1F5D4B}.Release|Win32.Build.0 = Release|Win32
		{A84792F0-74AF-1A66-8DC2-4754F92E9109}.Debug|Win32.ActiveCfg = Debug|Win32
		{A84792F0-74AF-1A66-8DC2-4754F92E9109}.Debug|Win32.Build.0 = Debug|Win32
		{A84792F0-74AF-1A66-8DC2-4754F92E9109}.Release|Win32.ActiveCfg = Release|Win32
		{A84792F0-74AF-1A66-8DC2-4754F92E9109}.Release|Win32.Build.0 = Release|Win32
		{C784CAF2-E725-1513-ED43-D98222A46984}.Debug|Win32.ActiveCfg = Debug|Win32
		{C784CAF2-E725-1513-ED43-D98222A46984}.Debug|Win32.Build.0 = Debug|Win32
		{C784CAF2-E725-1513-ED43-D98222A46984}.Release|Win32.ActiveCfg = Release|Win32
		{C784CAF2-E725-1513-ED43-D98222A46984}.Release|Win32.Build.0 = Release|Win32
		{D1FFDF92-B301-8617-6FE1-594139B51310}.Debug|Win32.ActiveCfg = Debug|Win32
		{D1FFDF92-B301-8617-6FE1-594139B51310}.Debug|Win32.Build.0 = Debug|Win32
		{D1FFDF92-B301-8617-6FE1-594139B51310}.Release|Win32.ActiveCfg = Release|Win32
		{D1FFDF92-B301-8617-6FE1-594139B51310}.Release|Win32.Build.0 = Release|Win32
		{E8CC8FD8-E7CD-F131-DA12-FA19057BFA43}.Debug|Win32.ActiveCfg = Debug|Win32
		{E8CC8FD8-E7CD-F131-DA12-FA19057BFA43}.Debug|Win32.Build.0 = Debug|Win32
		{E8CC8FD8-E7CD-F131-DA12-FA19057BFA43}.Release|Win32.ActiveCfg = Release|Win32
		{E8CC8FD8-E7CD-F131-DA12-FA19057BFA43}.Release|Win32.Build.0 = Release|Win32
	EndGlobalSection
	GlobalSection(SolutionProperties) = preSolution
		HideSolutionNode = FALSE
	EndGlobalSection
	GlobalSection(NestedProjects) = preSolution
	EndGlobalSection
EndGlobal
